
Microsoft Visual Studio Solution File, Format Version 12.00
# Visual Studio Version 17
VisualStudioVersion = 17.0.31903.59
MinimumVisualStudioVersion = 10.0.40219.1
Project("{9A19103F-16F7-4668-BE54-9A1E7A4F7556}") = "Yubi.Core", "Yubi.Core\Yubi.Core.csproj", "{A9004042-1024-4956-A74D-075EF43CFB16}"
EndProject
Project("{9A19103F-16F7-4668-BE54-9A1E7A4F7556}") = "Yubi.Infrastructure", "Yubi.Infrastructure\Yubi.Infrastructure.csproj", "{002066F1-E4EE-4538-A24C-A6010DBBFD89}"
EndProject
Project("{9A19103F-16F7-4668-BE54-9A1E7A4F7556}") = "Yubi.Application", "Yubi.Application\Yubi.Application.csproj", "{864DBF70-20A1-4AC5-B5EB-419608F3D4B6}"
EndProject
Project("{2150E333-8FDC-42A3-9474-1A3956D46DE8}") = "Solution Items", "Solution Items", "{EF52C017-A13B-440A-9EB6-D78E6E971888}"
	ProjectSection(SolutionItems) = preProject
		.gitignore = .gitignore
		README.md = README.md
	EndProjectSection
EndProject
Project("{9A19103F-16F7-4668-BE54-9A1E7A4F7556}") = "Yubi.Startup", "Yubi.Startup\Yubi.Startup.csproj", "{DA324CB2-959D-4BD2-AAFE-967A0A77592E}"
EndProject
Global
	GlobalSection(SolutionConfigurationPlatforms) = preSolution
		Debug|Any CPU = Debug|Any CPU
		Release|Any CPU = Release|Any CPU
	EndGlobalSection
	GlobalSection(ProjectConfigurationPlatforms) = postSolution
		{A9004042-1024-4956-A74D-075EF43CFB16}.Debug|Any CPU.ActiveCfg = Debug|Any CPU
		{A9004042-1024-4956-A74D-075EF43CFB16}.Debug|Any CPU.Build.0 = Debug|Any CPU
		{A9004042-1024-4956-A74D-075EF43CFB16}.Release|Any CPU.ActiveCfg = Release|Any CPU
		{A9004042-1024-4956-A74D-075EF43CFB16}.Release|Any CPU.Build.0 = Release|Any CPU
		{002066F1-E4EE-4538-A24C-A6010DBBFD89}.Debug|Any CPU.ActiveCfg = Debug|Any CPU
		{002066F1-E4EE-4538-A24C-A6010DBBFD89}.Debug|Any CPU.Build.0 = Debug|Any CPU
		{002066F1-E4EE-4538-A24C-A6010DBBFD89}.Release|Any CPU.ActiveCfg = Release|Any CPU
		{002066F1-E4EE-4538-A24C-A6010DBBFD89}.Release|Any CPU.Build.0 = Release|Any CPU
		{864DBF70-20A1-4AC5-B5EB-419608F3D4B6}.Debug|Any CPU.ActiveCfg = Debug|Any CPU
		{864DBF70-20A1-4AC5-B5EB-419608F3D4B6}.Debug|Any CPU.Build.0 = Debug|Any CPU
		{864DBF70-20A1-4AC5-B5EB-419608F3D4B6}.Release|Any CPU.ActiveCfg = Release|Any CPU
		{864DBF70-20A1-4AC5-B5EB-419608F3D4B6}.Release|Any CPU.Build.0 = Release|Any CPU
		{DA324CB2-959D-4BD2-AAFE-967A0A77592E}.Debug|Any CPU.ActiveCfg = Debug|Any CPU
		{DA324CB2-959D-4BD2-AAFE-967A0A77592E}.Debug|Any CPU.Build.0 = Debug|Any CPU
		{DA324CB2-959D-4BD2-AAFE-967A0A77592E}.Release|Any CPU.ActiveCfg = Release|Any CPU
		{DA324CB2-959D-4BD2-AAFE-967A0A77592E}.Release|Any CPU.Build.0 = Release|Any CPU
	EndGlobalSection
	GlobalSection(SolutionProperties) = preSolution
		HideSolutionNode = FALSE
	EndGlobalSection
	GlobalSection(ExtensibilityGlobals) = postSolution
		SolutionGuid = {AE8CAB20-E339-4EDE-BB03-920870169086}
	EndGlobalSection
EndGlobal
